<?xml version="1.0" encoding="utf-8"?>
<Project ToolsVersion="4.0" xmlns="http://schemas.microsoft.com/developer/msbuild/2003">
  <ItemGroup>
    <Filter Include="Source Files">
      <UniqueIdentifier>{4FC737F1-C7A5-4376-A066-2A32D752A2FF}</UniqueIdentifier>
      <Extensions>cpp;c;cc;cxx;def;odl;idl;hpj;bat;asm;asmx</Extensions>
    </Filter>
    <Filter Include="Header Files">
      <UniqueIdentifier>{93995380-89BD-4b04-88EB-625FBE52EBFB}</UniqueIdentifier>
      <Extensions>h;hh;hpp;hxx;hm;inl;inc;ipp;xsd</Extensions>
    </Filter>
    <Filter Include="Resource Files">
      <UniqueIdentifier>{67DA6AB6-F800-4c08-8B7A-83BB121AAD01}</UniqueIdentifier>
      <Extensions>rc;ico;cur;bmp;dlg;rc2;rct;bin;rgs;gif;jpg;jpeg;jpe;resx;tiff;tif;png;wav;mfcribbon-ms</Extensions>
    </Filter>
    <Filter Include="Source Files\Engine">
      <UniqueIdentifier>{c63fb05e-b496-4657-acf3-6d57785340a1}</UniqueIdentifier>
    </Filter>
    <Filter Include="Source Files\Definitions">
      <UniqueIdentifier>{17748ba4-0dcc-4186-9395-8daab9b1557d}</UniqueIdentifier>
    </Filter>
    <Filter Include="Source Files\Definitions\Image">
      <UniqueIdentifier>{7a98a976-44d1-48e0-b37a-6f6da446e3ed}</UniqueIdentifier>
    </Filter>
    <Filter Include="Source Files\Definitions\Config">
      <UniqueIdentifier>{c1214fc0-7510-4e26-afc5-8bc868a80bb1}</UniqueIdentifier>
    </Filter>
    <Filter Include="Source Files\Definitions\Random">
      <UniqueIdentifier>{14ec9d02-2f4f-46e6-8827-a6dce08c281a}</UniqueIdentifier>
    </Filter>
    <Filter Include="Source Files\External Files">
      <UniqueIdentifier>{70bd9858-313c-43c4-9129-9e495209cb33}</UniqueIdentifier>
    </Filter>
    <Filter Include="Source Files\Definitions\Logger">
      <UniqueIdentifier>{6d443ee9-2901-4fb7-a3de-a10e30fdf365}</UniqueIdentifier>
    </Filter>
  </ItemGroup>
  <ItemGroup>
    <ClInclude Include="Engine\AntVariant.h">
      <Filter>Source Files\Engine</Filter>
    </ClInclude>
    <ClInclude Include="Engine\Board.h">
      <Filter>Source Files\Engine</Filter>
    </ClInclude>
    <ClInclude Include="Definitions\Image\BMP.h">
      <Filter>Source Files\Definitions\Image</Filter>
    </ClInclude>
    <ClInclude Include="Definitions\Image\Color.h">
      <Filter>Source Files\Definitions\Image</Filter>
    </ClInclude>
    <ClInclude Include="Definitions\Random\Randomness.h">
      <Filter>Source Files\Definitions\Random</Filter>
    </ClInclude>
    <ClInclude Include="Definitions\Config\Config.h">
      <Filter>Source Files\Definitions\Config</Filter>
    </ClInclude>
    <ClInclude Include="Definitions\Logger\Logger.h">
      <Filter>Source Files\Definitions\Logger</Filter>
    </ClInclude>
  </ItemGroup>
  <ItemGroup>
    <ClCompile Include="main.cpp">
      <Filter>Source Files</Filter>
    </ClCompile>
    <ClCompile Include="Engine\AntVariant.cpp">
      <Filter>Source Files\Engine</Filter>
    </ClCompile>
    <ClCompile Include="Engine\Board.cpp">
      <Filter>Source Files\Engine</Filter>
    </ClCompile>
    <ClCompile Include="Definitions\Image\BMP.cpp">
      <Filter>Source Files\Definitions\Image</Filter>
    </ClCompile>
    <ClCompile Include="Definitions\Image\Color.cpp">
      <Filter>Source Files\Definitions\Image</Filter>
    </ClCompile>
    <ClCompile Include="Definitions\Random\Randomness.cpp">
      <Filter>Source Files\Definitions\Random</Filter>
    </ClCompile>
    <ClCompile Include="Definitions\Config\Config.cpp">
      <Filter>Source Files\Definitions\Config</Filter>
    </ClCompile>
    <ClCompile Include="Definitions\Logger\Logger.cpp">
      <Filter>Source Files\Definitions\Logger</Filter>
    </ClCompile>
  </ItemGroup>
  <ItemGroup>
    <None Include="External Files\compile gif.py">
      <Filter>Source Files\External Files</Filter>
    </None>
  </ItemGroup>
  <ItemGroup>
    <Text Include="External Files\Config.txt">
      <Filter>Source Files\External Files</Filter>
    </Text>
  </ItemGroup>
</Project>